{
  "version": "4",
  "specifiers": {
    "jsr:@libs/typing@3": "3.1.0",
    "jsr:@libs/xml@^6.0.1": "6.0.1",
    "jsr:@std/assert@1": "1.0.8",
    "jsr:@std/internal@^1.0.5": "1.0.5",
    "jsr:@valibot/valibot@~0.42.1": "0.42.1"
  },
  "jsr": {
    "@libs/typing@3.1.0": {
      "integrity": "091b59f57a99f84c9fccf8f59534f77f177705ac25183b575c83fd7aa6dcfafe"
    },
    "@libs/xml@6.0.1": {
      "integrity": "64af4f93464c77c3e1158fb97c3657779ca554b14f38616b96cde31e22d8a309",
      "dependencies": [
        "jsr:@libs/typing"
      ]
    },
    "@std/assert@1.0.8": {
      "integrity": "ebe0bd7eb488ee39686f77003992f389a06c3da1bbd8022184804852b2fa641b",
      "dependencies": [
        "jsr:@std/internal"
      ]
    },
    "@std/internal@1.0.5": {
      "integrity": "54a546004f769c1ac9e025abd15a76b6671ddc9687e2313b67376125650dc7ba"
    },
    "@valibot/valibot@0.42.1": {
      "integrity": "ba0f6f7964aaeec0e4b1f793d575061f325ae6254cbb9d7ff01fb65068a0a23b"
    }
  },
  "workspace": {
    "dependencies": [
      "jsr:@libs/xml@^6.0.1",
      "jsr:@std/assert@1",
      "jsr:@valibot/valibot@~0.42.1"
    ]
  }
}
